
Microsoft Visual Studio Solution File, Format Version 12.00
# Visual Studio 15
VisualStudioVersion = 15.0.28307.438
MinimumVisualStudioVersion = 10.0.40219.1
Project("{9A19103F-16F7-4668-BE54-9A1E7A4F7556}") = "MojCore", "src\Web\MojCore\MojCore.csproj", "{5388B5ED-5C00-47AB-B0C1-01940A0220B4}"
EndProject
Project("{2150E333-8FDC-42A3-9474-1A3956D46DE8}") = "src", "src", "{2F431DDC-B035-490C-B445-A2FAE8AFE19D}"
EndProject
Project("{2150E333-8FDC-42A3-9474-1A3956D46DE8}") = "Web", "Web", "{A54BD724-E7FE-4215-B0BC-B3D8A848EB7F}"
EndProject
Project("{2150E333-8FDC-42A3-9474-1A3956D46DE8}") = "Core", "Core", "{6C13CA11-6944-4AAE-ACE7-0815F7562BB0}"
EndProject
Project("{2150E333-8FDC-42A3-9474-1A3956D46DE8}") = "Infrastructure", "Infrastructure", "{B3617D64-895F-4CA1-BA3B-CC14E239BBE3}"
EndProject
Project("{9A19103F-16F7-4668-BE54-9A1E7A4F7556}") = "Models", "src\Core\Models\Models.csproj", "{ED2CE260-A2A8-41B4-AC0E-66C5258CB369}"
EndProject
Project("{9A19103F-16F7-4668-BE54-9A1E7A4F7556}") = "Repositories", "src\Core\Repositories\Repositories.csproj", "{82FF2AB0-7460-4F77-8696-5C54BB1AEF76}"
EndProject
Project("{9A19103F-16F7-4668-BE54-9A1E7A4F7556}") = "Services", "src\Core\Services\Services.csproj", "{4B05D6CE-9531-4359-92D8-C664F3FC805B}"
EndProject
Project("{9A19103F-16F7-4668-BE54-9A1E7A4F7556}") = "DAO", "src\Infrastructure\DAO\DAO.csproj", "{2D9CE024-0949-47A7-BFA8-0948CBC0F6B7}"
EndProject
Project("{9A19103F-16F7-4668-BE54-9A1E7A4F7556}") = "ExternalServices", "src\Infrastructure\ExternalServices\ExternalServices.csproj", "{B38A5D4D-9B4E-4289-B5AF-79EBE6CEF0D7}"
EndProject
Global
	GlobalSection(SolutionConfigurationPlatforms) = preSolution
		Debug|Any CPU = Debug|Any CPU
		Release|Any CPU = Release|Any CPU
	EndGlobalSection
	GlobalSection(ProjectConfigurationPlatforms) = postSolution
		{5388B5ED-5C00-47AB-B0C1-01940A0220B4}.Debug|Any CPU.ActiveCfg = Debug|Any CPU
		{5388B5ED-5C00-47AB-B0C1-01940A0220B4}.Debug|Any CPU.Build.0 = Debug|Any CPU
		{5388B5ED-5C00-47AB-B0C1-01940A0220B4}.Release|Any CPU.ActiveCfg = Release|Any CPU
		{5388B5ED-5C00-47AB-B0C1-01940A0220B4}.Release|Any CPU.Build.0 = Release|Any CPU
		{ED2CE260-A2A8-41B4-AC0E-66C5258CB369}.Debug|Any CPU.ActiveCfg = Debug|Any CPU
		{ED2CE260-A2A8-41B4-AC0E-66C5258CB369}.Debug|Any CPU.Build.0 = Debug|Any CPU
		{ED2CE260-A2A8-41B4-AC0E-66C5258CB369}.Release|Any CPU.ActiveCfg = Release|Any CPU
		{ED2CE260-A2A8-41B4-AC0E-66C5258CB369}.Release|Any CPU.Build.0 = Release|Any CPU
		{82FF2AB0-7460-4F77-8696-5C54BB1AEF76}.Debug|Any CPU.ActiveCfg = Debug|Any CPU
		{82FF2AB0-7460-4F77-8696-5C54BB1AEF76}.Debug|Any CPU.Build.0 = Debug|Any CPU
		{82FF2AB0-7460-4F77-8696-5C54BB1AEF76}.Release|Any CPU.ActiveCfg = Release|Any CPU
		{82FF2AB0-7460-4F77-8696-5C54BB1AEF76}.Release|Any CPU.Build.0 = Release|Any CPU
		{4B05D6CE-9531-4359-92D8-C664F3FC805B}.Debug|Any CPU.ActiveCfg = Debug|Any CPU
		{4B05D6CE-9531-4359-92D8-C664F3FC805B}.Debug|Any CPU.Build.0 = Debug|Any CPU
		{4B05D6CE-9531-4359-92D8-C664F3FC805B}.Release|Any CPU.ActiveCfg = Release|Any CPU
		{4B05D6CE-9531-4359-92D8-C664F3FC805B}.Release|Any CPU.Build.0 = Release|Any CPU
		{2D9CE024-0949-47A7-BFA8-0948CBC0F6B7}.Debug|Any CPU.ActiveCfg = Debug|Any CPU
		{2D9CE024-0949-47A7-BFA8-0948CBC0F6B7}.Debug|Any CPU.Build.0 = Debug|Any CPU
		{2D9CE024-0949-47A7-BFA8-0948CBC0F6B7}.Release|Any CPU.ActiveCfg = Release|Any CPU
		{2D9CE024-0949-47A7-BFA8-0948CBC0F6B7}.Release|Any CPU.Build.0 = Release|Any CPU
		{B38A5D4D-9B4E-4289-B5AF-79EBE6CEF0D7}.Debug|Any CPU.ActiveCfg = Debug|Any CPU
		{B38A5D4D-9B4E-4289-B5AF-79EBE6CEF0D7}.Debug|Any CPU.Build.0 = Debug|Any CPU
		{B38A5D4D-9B4E-4289-B5AF-79EBE6CEF0D7}.Release|Any CPU.ActiveCfg = Release|Any CPU
		{B38A5D4D-9B4E-4289-B5AF-79EBE6CEF0D7}.Release|Any CPU.Build.0 = Release|Any CPU
	EndGlobalSection
	GlobalSection(SolutionProperties) = preSolution
		HideSolutionNode = FALSE
	EndGlobalSection
	GlobalSection(NestedProjects) = preSolution
		{5388B5ED-5C00-47AB-B0C1-01940A0220B4} = {A54BD724-E7FE-4215-B0BC-B3D8A848EB7F}
		{A54BD724-E7FE-4215-B0BC-B3D8A848EB7F} = {2F431DDC-B035-490C-B445-A2FAE8AFE19D}
		{6C13CA11-6944-4AAE-ACE7-0815F7562BB0} = {2F431DDC-B035-490C-B445-A2FAE8AFE19D}
		{B3617D64-895F-4CA1-BA3B-CC14E239BBE3} = {2F431DDC-B035-490C-B445-A2FAE8AFE19D}
		{ED2CE260-A2A8-41B4-AC0E-66C5258CB369} = {6C13CA11-6944-4AAE-ACE7-0815F7562BB0}
		{82FF2AB0-7460-4F77-8696-5C54BB1AEF76} = {6C13CA11-6944-4AAE-ACE7-0815F7562BB0}
		{4B05D6CE-9531-4359-92D8-C664F3FC805B} = {6C13CA11-6944-4AAE-ACE7-0815F7562BB0}
		{2D9CE024-0949-47A7-BFA8-0948CBC0F6B7} = {B3617D64-895F-4CA1-BA3B-CC14E239BBE3}
		{B38A5D4D-9B4E-4289-B5AF-79EBE6CEF0D7} = {B3617D64-895F-4CA1-BA3B-CC14E239BBE3}
	EndGlobalSection
	GlobalSection(ExtensibilityGlobals) = postSolution
		SolutionGuid = {2AAE68B1-89AA-41B1-B8C1-98F088700E3B}
	EndGlobalSection
EndGlobal
